
Microsoft Visual Studio Solution File, Format Version 11.00
# Visual Studio 2010
Project("{FAE04EC0-301F-11D3-BF4B-00C04F79EFBC}") = "SpriterBetaXNA", "SpriterBetaXNA\SpriterBetaXNA\SpriterBetaXNA.csproj", "{5EC759F7-CFCF-47EF-AC80-0EF55BC3A5D4}"
EndProject
Project("{FAE04EC0-301F-11D3-BF4B-00C04F79EFBC}") = "SpriterBetaXNAContent", "SpriterBetaXNA\SpriterBetaXNAContent\SpriterBetaXNAContent.contentproj", "{6EFE842A-65AF-4568-BE2D-B1453D934C9B}"
EndProject
Project("{FAE04EC0-301F-11D3-BF4B-00C04F79EFBC}") = "SpriterBetaPipelineExtension", "SpriterBetaPipelineExtension\SpriterBetaPipelineExtension.csproj", "{846EA15E-803D-4BC9-802E-FFD3B6586196}"
EndProject
Project("{FAE04EC0-301F-11D3-BF4B-00C04F79EFBC}") = "SpriterBetaRuntime", "SpriterBetaRuntime\SpriterBetaRuntime.csproj", "{0AB2ABE1-E66D-458E-A468-18225E2611AC}"
EndProject
Project("{FAE04EC0-301F-11D3-BF4B-00C04F79EFBC}") = "Xbox 360 Copy of SpriterBetaRuntime", "SpriterBetaRuntime\Xbox 360 Copy of SpriterBetaRuntime.csproj", "{722C0A1C-2E77-49A5-912F-C78919632F86}"
EndProject
Global
	GlobalSection(SolutionConfigurationPlatforms) = preSolution
		Debug|Mixed Platforms = Debug|Mixed Platforms
		Debug|x86 = Debug|x86
		Debug|Xbox 360 = Debug|Xbox 360
		Release|Mixed Platforms = Release|Mixed Platforms
		Release|x86 = Release|x86
		Release|Xbox 360 = Release|Xbox 360
	EndGlobalSection
	GlobalSection(ProjectConfigurationPlatforms) = postSolution
		{5EC759F7-CFCF-47EF-AC80-0EF55BC3A5D4}.Debug|Mixed Platforms.ActiveCfg = Debug|x86
		{5EC759F7-CFCF-47EF-AC80-0EF55BC3A5D4}.Debug|Mixed Platforms.Build.0 = Debug|x86
		{5EC759F7-CFCF-47EF-AC80-0EF55BC3A5D4}.Debug|x86.ActiveCfg = Debug|x86
		{5EC759F7-CFCF-47EF-AC80-0EF55BC3A5D4}.Debug|x86.Build.0 = Debug|x86
		{5EC759F7-CFCF-47EF-AC80-0EF55BC3A5D4}.Debug|Xbox 360.ActiveCfg = Debug|x86
		{5EC759F7-CFCF-47EF-AC80-0EF55BC3A5D4}.Debug|Xbox 360.Build.0 = Debug|x86
		{5EC759F7-CFCF-47EF-AC80-0EF55BC3A5D4}.Release|Mixed Platforms.ActiveCfg = Release|x86
		{5EC759F7-CFCF-47EF-AC80-0EF55BC3A5D4}.Release|Mixed Platforms.Build.0 = Release|x86
		{5EC759F7-CFCF-47EF-AC80-0EF55BC3A5D4}.Release|x86.ActiveCfg = Release|x86
		{5EC759F7-CFCF-47EF-AC80-0EF55BC3A5D4}.Release|x86.Build.0 = Release|x86
		{5EC759F7-CFCF-47EF-AC80-0EF55BC3A5D4}.Release|Xbox 360.ActiveCfg = Release|x86
		{5EC759F7-CFCF-47EF-AC80-0EF55BC3A5D4}.Release|Xbox 360.Build.0 = Release|x86
		{6EFE842A-65AF-4568-BE2D-B1453D934C9B}.Debug|Mixed Platforms.ActiveCfg = Debug|x86
		{6EFE842A-65AF-4568-BE2D-B1453D934C9B}.Debug|x86.ActiveCfg = Debug|x86
		{6EFE842A-65AF-4568-BE2D-B1453D934C9B}.Debug|Xbox 360.ActiveCfg = Debug|x86
		{6EFE842A-65AF-4568-BE2D-B1453D934C9B}.Release|Mixed Platforms.ActiveCfg = Release|x86
		{6EFE842A-65AF-4568-BE2D-B1453D934C9B}.Release|x86.ActiveCfg = Release|x86
		{6EFE842A-65AF-4568-BE2D-B1453D934C9B}.Release|Xbox 360.ActiveCfg = Release|x86
		{846EA15E-803D-4BC9-802E-FFD3B6586196}.Debug|Mixed Platforms.ActiveCfg = Debug|x86
		{846EA15E-803D-4BC9-802E-FFD3B6586196}.Debug|Mixed Platforms.Build.0 = Debug|x86
		{846EA15E-803D-4BC9-802E-FFD3B6586196}.Debug|x86.ActiveCfg = Debug|x86
		{846EA15E-803D-4BC9-802E-FFD3B6586196}.Debug|x86.Build.0 = Debug|x86
		{846EA15E-803D-4BC9-802E-FFD3B6586196}.Debug|Xbox 360.ActiveCfg = Debug|x86
		{846EA15E-803D-4BC9-802E-FFD3B6586196}.Debug|Xbox 360.Build.0 = Debug|x86
		{846EA15E-803D-4BC9-802E-FFD3B6586196}.Release|Mixed Platforms.ActiveCfg = Release|x86
		{846EA15E-803D-4BC9-802E-FFD3B6586196}.Release|Mixed Platforms.Build.0 = Release|x86
		{846EA15E-803D-4BC9-802E-FFD3B6586196}.Release|x86.ActiveCfg = Release|x86
		{846EA15E-803D-4BC9-802E-FFD3B6586196}.Release|x86.Build.0 = Release|x86
		{846EA15E-803D-4BC9-802E-FFD3B6586196}.Release|Xbox 360.ActiveCfg = Release|x86
		{846EA15E-803D-4BC9-802E-FFD3B6586196}.Release|Xbox 360.Build.0 = Release|x86
		{0AB2ABE1-E66D-458E-A468-18225E2611AC}.Debug|Mixed Platforms.ActiveCfg = Debug|x86
		{0AB2ABE1-E66D-458E-A468-18225E2611AC}.Debug|Mixed Platforms.Build.0 = Debug|x86
		{0AB2ABE1-E66D-458E-A468-18225E2611AC}.Debug|x86.ActiveCfg = Debug|x86
		{0AB2ABE1-E66D-458E-A468-18225E2611AC}.Debug|x86.Build.0 = Debug|x86
		{0AB2ABE1-E66D-458E-A468-18225E2611AC}.Debug|Xbox 360.ActiveCfg = Debug|x86
		{0AB2ABE1-E66D-458E-A468-18225E2611AC}.Debug|Xbox 360.Build.0 = Debug|x86
		{0AB2ABE1-E66D-458E-A468-18225E2611AC}.Release|Mixed Platforms.ActiveCfg = Release|x86
		{0AB2ABE1-E66D-458E-A468-18225E2611AC}.Release|Mixed Platforms.Build.0 = Release|x86
		{0AB2ABE1-E66D-458E-A468-18225E2611AC}.Release|x86.ActiveCfg = Release|x86
		{0AB2ABE1-E66D-458E-A468-18225E2611AC}.Release|x86.Build.0 = Release|x86
		{0AB2ABE1-E66D-458E-A468-18225E2611AC}.Release|Xbox 360.ActiveCfg = Release|x86
		{0AB2ABE1-E66D-458E-A468-18225E2611AC}.Release|Xbox 360.Build.0 = Release|x86
		{722C0A1C-2E77-49A5-912F-C78919632F86}.Debug|Mixed Platforms.ActiveCfg = Debug|Xbox 360
		{722C0A1C-2E77-49A5-912F-C78919632F86}.Debug|Mixed Platforms.Build.0 = Debug|Xbox 360
		{722C0A1C-2E77-49A5-912F-C78919632F86}.Debug|x86.ActiveCfg = Debug|Xbox 360
		{722C0A1C-2E77-49A5-912F-C78919632F86}.Debug|Xbox 360.ActiveCfg = Debug|Xbox 360
		{722C0A1C-2E77-49A5-912F-C78919632F86}.Debug|Xbox 360.Build.0 = Debug|Xbox 360
		{722C0A1C-2E77-49A5-912F-C78919632F86}.Release|Mixed Platforms.ActiveCfg = Release|Xbox 360
		{722C0A1C-2E77-49A5-912F-C78919632F86}.Release|Mixed Platforms.Build.0 = Release|Xbox 360
		{722C0A1C-2E77-49A5-912F-C78919632F86}.Release|x86.ActiveCfg = Release|Xbox 360
		{722C0A1C-2E77-49A5-912F-C78919632F86}.Release|Xbox 360.ActiveCfg = Release|Xbox 360
		{722C0A1C-2E77-49A5-912F-C78919632F86}.Release|Xbox 360.Build.0 = Release|Xbox 360
	EndGlobalSection
	GlobalSection(SolutionProperties) = preSolution
		HideSolutionNode = FALSE
	EndGlobalSection
EndGlobal
